// !$*UTF8*$!
{
	archiveVersion = 1;
	classes = {
	};
	objectVersion = 48;
	objects = {

/* Begin PBXBuildFile section */
		818112BC1FA178FB00E6103A /* AppDelegate.swift in Sources */ = {isa = PBXBuildFile; fileRef = 818112BB1FA178FB00E6103A /* AppDelegate.swift */; };
		818112BE1FA178FB00E6103A /* ViewController.swift in Sources */ = {isa = PBXBuildFile; fileRef = 818112BD1FA178FB00E6103A /* ViewController.swift */; };
		818112C11FA178FB00E6103A /* Main.storyboard in Resources */ = {isa = PBXBuildFile; fileRef = 818112BF1FA178FB00E6103A /* Main.storyboard */; };
		818112C31FA178FB00E6103A /* Assets.xcassets in Resources */ = {isa = PBXBuildFile; fileRef = 818112C21FA178FB00E6103A /* Assets.xcassets */; };
		818112C61FA178FB00E6103A /* LaunchScreen.storyboard in Resources */ = {isa = PBXBuildFile; fileRef = 818112C41FA178FB00E6103A /* LaunchScreen.storyboard */; };
/* End PBXBuildFile section */

/* Begin PBXFileReference section */
		818112B81FA178FB00E6103A /* AutoLayoutPractice.app */ = {isa = PBXFileReference; explicitFileType = wrapper.application; includeInIndex = 0; path = AutoLayoutPractice.app; sourceTree = BUILT_PRODUCTS_DIR; };
		818112BB1FA178FB00E6103A /* AppDelegate.swift */ = {isa = PBXFileReference; lastKnownFileType = sourcecode.swift; path = AppDelegate.swift; sourceTree = "<group>"; };
		818112BD1FA178FB00E6103A /* ViewController.swift */ = {isa = PBXFileReference; lastKnownFileType = sourcecode.swift; path = ViewController.swift; sourceTree = "<group>"; };
		818112C01FA178FB00E6103A /* Base */ = {isa = PBXFileReference; lastKnownFileType = file.storyboard; name = Base; path = Base.lproj/Main.storyboard; sourceTree = "<group>"; };
		818112C21FA178FB00E6103A /* Assets.xcassets */ = {isa = PBXFileReference; lastKnownFileType = folder.assetcatalog; path = Assets.xcassets; sourceTree = "<group>"; };
		818112C51FA178FB00E6103A /* Base */ = {isa = PBXFileReference; lastKnownFileType = file.storyboard; name = Base; path = Base.lproj/LaunchScreen.storyboard; sourceTree = "<group>"; };
		818112C71FA178FB00E6103A /* Info.plist */ = {isa = PBXFileReference; lastKnownFileType = text.plist.xml; path = Info.plist; sourceTree = "<group>"; };
/* End PBXFileReference section */

/* Begin PBXFrameworksBuildPhase section */
		818112B51FA178FB00E6103A /* Frameworks */ = {
			isa = PBXFrameworksBuildPhase;
			buildActionMask = 2147483647;
			files = (
			);
			runOnlyForDeploymentPostprocessing = 0;
		};
/* End PBXFrameworksBuildPhase section */

/* Begin PBXGroup section */
		818112AF1FA178FB00E6103A = {
			isa = PBXGroup;
			children = (
				818112BA1FA178FB00E6103A /* AutoLayoutPractice */,
				818112B91FA178FB00E6103A /* Products */,
			);
			sourceTree = "<group>";
		};
		818112B91FA178FB00E6103A /* Products */ = {
			isa = PBXGroup;
			children = (
				818112B81FA178FB00E6103A /* AutoLayoutPractice.app */,
			);
			name = Products;
			sourceTree = "<group>";
		};
		818112BA1FA178FB00E6103A /* AutoLayoutPractice */ = {
			isa = PBXGroup;
			children = (
				818112CD1FA1792300E6103A /* Unused Stuff */,
				818112BD1FA178FB00E6103A /* ViewController.swift */,
				818112BF1FA178FB00E6103A /* Main.storyboard */,
				818112C21FA178FB00E6103A /* Assets.xcassets */,
				818112C71FA178FB00E6103A /* Info.plist */,
			);
			path = AutoLayoutPractice;
			sourceTree = "<group>";
		};
		818112CD1FA1792300E6103A /* Unused Stuff */ = {
			isa = PBXGroup;
			children = (
				818112BB1FA178FB00E6103A /* AppDelegate.swift */,
				818112C41FA178FB00E6103A /* LaunchScreen.storyboard */,
			);
			path = "Unused Stuff";
			sourceTree = "<group>";
		};
/* End PBXGroup section */

/* Begin PBXNativeTarget section */
		818112B71FA178FB00E6103A /* AutoLayoutPractice */ = {
			isa = PBXNativeTarget;
			buildConfigurationList = 818112CA1FA178FB00E6103A /* Build configuration list for PBXNativeTarget "AutoLayoutPractice" */;
			buildPhases = (
				818112B41FA178FB00E6103A /* Sources */,
				818112B51FA178FB00E6103A /* Frameworks */,
				818112B61FA178FB00E6103A /* Resources */,
			);
			buildRules = (
			);
			dependencies = (
			);
			name = AutoLayoutPractice;
			productName = AutoLayoutPractice;
			productReference = 818112B81FA178FB00E6103A /* AutoLayoutPractice.app */;
			productType = "com.apple.product-type.application";
		};
/* End PBXNativeTarget section */

/* Begin PBXProject section */
		818112B01FA178FB00E6103A /* Project object */ = {
			isa = PBXProject;
			attributes = {
				LastSwiftUpdateCheck = 0900;
				LastUpgradeCheck = 0900;
				ORGANIZATIONNAME = "Melissa He @ C4Q";
				TargetAttributes = {
					818112B71FA178FB00E6103A = {
						CreatedOnToolsVersion = 9.0;
						ProvisioningStyle = Automatic;
					};
				};
			};
			buildConfigurationList = 818112B31FA178FB00E6103A /* Build configuration list for PBXProject "AutoLayoutPractice" */;
			compatibilityVersion = "Xcode 8.0";
			developmentRegion = en;
			hasScannedForEncodings = 0;
			knownRegions = (
				en,
				Base,
			);
			mainGroup = 818112AF1FA178FB00E6103A;
			productRefGroup = 818112B91FA178FB00E6103A /* Products */;
			projectDirPath = "";
			projectRoot = "";
			targets = (
				818112B71FA178FB00E6103A /* AutoLayoutPractice */,
			);
		};
/* End PBXProject section */

/* Begin PBXResourcesBuildPhase section */
		818112B61FA178FB00E6103A /* Resources */ = {
			isa = PBXResourcesBuildPhase;
			buildActionMask = 2147483647;
			files = (
				818112C61FA178FB00E6103A /* LaunchScreen.storyboard in Resources */,
				818112C31FA178FB00E6103A /* Assets.xcassets in Resources */,
				818112C11FA178FB00E6103A /* Main.storyboard in Resources */,
			);
			runOnlyForDeploymentPostprocessing = 0;
		};
/* End PBXResourcesBuildPhase section */

/* Begin PBXSourcesBuildPhase section */
		818112B41FA178FB00E6103A /* Sources */ = {
			isa = PBXSourcesBuildPhase;
			buildActionMask = 2147483647;
			files = (
				818112BE1FA178FB00E6103A /* ViewController.swift in Sources */,
				818112BC1FA178FB00E6103A /* AppDelegate.swift in Sources */,
			);
			runOnlyForDeploymentPostprocessing = 0;
		};
/* End PBXSourcesBuildPhase section */

/* Begin PBXVariantGroup section */
		818112BF1FA178FB00E6103A /* Main.storyboard */ = {
			isa = PBXVariantGroup;
			children = (
				818112C01FA178FB00E6103A /* Base */,
			);
			name = Main.storyboard;
			sourceTree = "<group>";
		};
		818112C41FA178FB00E6103A /* LaunchScreen.storyboard */ = {
			isa = PBXVariantGroup;
			children = (
				818112C51FA178FB00E6103A /* Base */,
			);
			name = LaunchScreen.storyboard;
			sourceTree = "<group>";
		};
/* End PBXVariantGroup section */

/* Begin XCBuildConfiguration section */
		818112C81FA178FB00E6103A /* Debug */ = {
			isa = XCBuildConfiguration;
			buildSettings = {
				ALWAYS_SEARCH_USER_PATHS = NO;
				CLANG_ANALYZER_NONNULL = YES;
				CLANG_ANALYZER_NUMBER_OBJECT_CONVERSION = YES_AGGRESSIVE;
				CLANG_CXX_LANGUAGE_STANDARD = "gnu++14";
				CLANG_CXX_LIBRARY = "libc++";
				CLANG_ENABLE_MODULES = YES;
				CLANG_ENABLE_OBJC_ARC = YES;
				CLANG_WARN_BLOCK_CAPTURE_AUTORELEASING = YES;
				CLANG_WARN_BOOL_CONVERSION = YES;
				CLANG_WARN_COMMA = YES;
				CLANG_WARN_CONSTANT_CONVERSION = YES;
				CLANG_WARN_DIRECT_OBJC_ISA_USAGE = YES_ERROR;
				CLANG_WARN_DOCUMENTATION_COMMENTS = YES;
				CLANG_WARN_EMPTY_BODY = YES;
				CLANG_WARN_ENUM_CONVERSION = YES;
				CLANG_WARN_INFINITE_RECURSION = YES;
				CLANG_WARN_INT_CONVERSION = YES;
				CLANG_WARN_NON_LITERAL_NULL_CONVERSION = YES;
				CLANG_WARN_OBJC_LITERAL_CONVERSION = YES;
				CLANG_WARN_OBJC_ROOT_CLASS = YES_ERROR;
				CLANG_WARN_RANGE_LOOP_ANALYSIS = YES;
				CLANG_WARN_STRICT_PROTOTYPES = YES;
				CLANG_WARN_SUSPICIOUS_MOVE = YES;
				CLANG_WARN_UNGUARDED_AVAILABILITY = YES_AGGRESSIVE;
				CLANG_WARN_UNREACHABLE_CODE = YES;
				CLANG_WARN__DUPLICATE_METHOD_MATCH = YES;
				CODE_SIGN_IDENTITY = "iPhone Developer";
				COPY_PHASE_STRIP = NO;
				DEBUG_INFORMATION_FORMAT = dwarf;
				ENABLE_STRICT_OBJC_MSGSEND = YES;
				ENABLE_TESTABILITY = YES;
				GCC_C_LANGUAGE_STANDARD = gnu11;
				GCC_DYNAMIC_NO_PIC = NO;
				GCC_NO_COMMON_BLOCKS = YES;
				GCC_OPTIMIZATION_LEVEL = 0;
				GCC_PREPROCESSOR_DEFINITIONS = (
					"DEBUG=1",
					"$(inherited)",
				);
				GCC_WARN_64_TO_32_BIT_CONVERSION = YES;
				GCC_WARN_ABOUT_RETURN_TYPE = YES_ERROR;
				GCC_WARN_UNDECLARED_SELECTOR = YES;
				GCC_WARN_UNINITIALIZED_AUTOS = YES_AGGRESSIVE;
				GCC_WARN_UNUSED_FUNCTION = YES;
				GCC_WARN_UNUSED_VARIABLE = YES;
				IPHONEOS_DEPLOYMENT_TARGET = 11.0;
				MTL_ENABLE_DEBUG_INFO = YES;
				ONLY_ACTIVE_ARCH = YES;
				SDKROOT = iphoneos;
				SWIFT_ACTIVE_COMPILATION_CONDITIONS = DEBUG;
				SWIFT_OPTIMIZATION_LEVEL = "-Onone";
			};
			name = Debug;
		};
		818112C91FA178FB00E6103A /* Release */ = {
			isa = XCBuildConfiguration;
			buildSettings = {
				ALWAYS_SEARCH_USER_PATHS = NO;
				CLANG_ANALYZER_NONNULL = YES;
				CLANG_ANALYZER_NUMBER_OBJECT_CONVERSION = YES_AGGRESSIVE;
				CLANG_CXX_LANGUAGE_STANDARD = "gnu++14";
				CLANG_CXX_LIBRARY = "libc++";
				CLANG_ENABLE_MODULES = YES;
				CLANG_ENABLE_OBJC_ARC = YES;
				CLANG_WARN_BLOCK_CAPTURE_AUTORELEASING = YES;
				CLANG_WARN_BOOL_CONVERSION = YES;
				CLANG_WARN_COMMA = YES;
				CLANG_WARN_CONSTANT_CONVERSION = YES;
				CLANG_WARN_DIRECT_OBJC_ISA_USAGE = YES_ERROR;
				CLANG_WARN_DOCUMENTATION_COMMENTS = YES;
				CLANG_WARN_EMPTY_BODY = YES;
				CLANG_WARN_ENUM_CONVERSION = YES;
				CLANG_WARN_INFINITE_RECURSION = YES;
				CLANG_WARN_INT_CONVERSION = YES;
				CLANG_WARN_NON_LITERAL_NULL_CONVERSION = YES;
				CLANG_WARN_OBJC_LITERAL_CONVERSION = YES;
				CLANG_WARN_OBJC_ROOT_CLASS = YES_ERROR;
				CLANG_WARN_RANGE_LOOP_ANALYSIS = YES;
				CLANG_WARN_STRICT_PROTOTYPES = YES;
				CLANG_WARN_SUSPICIOUS_MOVE = YES;
				CLANG_WARN_UNGUARDED_AVAILABILITY = YES_AGGRESSIVE;
				CLANG_WARN_UNREACHABLE_CODE = YES;
				CLANG_WARN__DUPLICATE_METHOD_MATCH = YES;
				CODE_SIGN_IDENTITY = "iPhone Developer";
				COPY_PHASE_STRIP = NO;
				DEBUG_INFORMATION_FORMAT = "dwarf-with-dsym";
				ENABLE_NS_ASSERTIONS = NO;
				ENABLE_STRICT_OBJC_MSGSEND = YES;
				GCC_C_LANGUAGE_STANDARD = gnu11;
				GCC_NO_COMMON_BLOCKS = YES;
				GCC_WARN_64_TO_32_BIT_CONVERSION = YES;
				GCC_WARN_ABOUT_RETURN_TYPE = YES_ERROR;
				GCC_WARN_UNDECLARED_SELECTOR = YES;
				GCC_WARN_UNINITIALIZED_AUTOS = YES_AGGRESSIVE;
				GCC_WARN_UNUSED_FUNCTION = YES;
				GCC_WARN_UNUSED_VARIABLE = YES;
				IPHONEOS_DEPLOYMENT_TARGET = 11.0;
				MTL_ENABLE_DEBUG_INFO = NO;
				SDKROOT = iphoneos;
				SWIFT_OPTIMIZATION_LEVEL = "-Owholemodule";
				VALIDATE_PRODUCT = YES;
			};
			name = Release;
		};
		818112CB1FA178FB00E6103A /* Debug */ = {
			isa = XCBuildConfiguration;
			buildSettings = {
				ASSETCATALOG_COMPILER_APPICON_NAME = AppIcon;
				CODE_SIGN_STYLE = Automatic;
				DEVELOPMENT_TEAM = M6644XK36Y;
				INFOPLIST_FILE = AutoLayoutPractice/Info.plist;
				LD_RUNPATH_SEARCH_PATHS = "$(inherited) @executable_path/Frameworks";
				PRODUCT_BUNDLE_IDENTIFIER = "Melissa-He.AutoLayoutPractice";
				PRODUCT_NAME = "$(TARGET_NAME)";
				SWIFT_VERSION = 4.0;
				TARGETED_DEVICE_FAMILY = "1,2";
			};
			name = Debug;
		};
		818112CC1FA178FB00E6103A /* Release */ = {
			isa = XCBuildConfiguration;
			buildSettings = {
				ASSETCATALOG_COMPILER_APPICON_NAME = AppIcon;
				CODE_SIGN_STYLE = Automatic;
				DEVELOPMENT_TEAM = M6644XK36Y;
				INFOPLIST_FILE = AutoLayoutPractice/Info.plist;
				LD_RUNPATH_SEARCH_PATHS = "$(inherited) @executable_path/Frameworks";
				PRODUCT_BUNDLE_IDENTIFIER = "Melissa-He.AutoLayoutPractice";
				PRODUCT_NAME = "$(TARGET_NAME)";
				SWIFT_VERSION = 4.0;
				TARGETED_DEVICE_FAMILY = "1,2";
			};
			name = Release;
		};
/* End XCBuildConfiguration section */

/* Begin XCConfigurationList section */
		818112B31FA178FB00E6103A /* Build configuration list for PBXProject "AutoLayoutPractice" */ = {
			isa = XCConfigurationList;
			buildConfigurations = (
				818112C81FA178FB00E6103A /* Debug */,
				818112C91FA178FB00E6103A /* Release */,
			);
			defaultConfigurationIsVisible = 0;
			defaultConfigurationName = Release;
		};
		818112CA1FA178FB00E6103A /* Build configuration list for PBXNativeTarget "AutoLayoutPractice" */ = {
			isa = XCConfigurationList;
			buildConfigurations = (
				818112CB1FA178FB00E6103A /* Debug */,
				818112CC1FA178FB00E6103A /* Release */,
			);
			defaultConfigurationIsVisible = 0;
			defaultConfigurationName = Release;
		};
/* End XCConfigurationList section */
	};
	rootObject = 818112B01FA178FB00E6103A /* Project object */;
}
